// !$*UTF8*$!
{
	archiveVersion = 1;
	classes = {
	};
	objectVersion = 46;
	objects = {

/* Begin PBXBuildFile section */
		D060EB6D1B842FBB00CCA09B /* main.m in Sources */ = {isa = PBXBuildFile; fileRef = D060EB6C1B842FBB00CCA09B /* main.m */; };
		D060EB701B842FBB00CCA09B /* AppDelegate.m in Sources */ = {isa = PBXBuildFile; fileRef = D060EB6F1B842FBB00CCA09B /* AppDelegate.m */; };
		D060EB731B842FBB00CCA09B /* ViewController.m in Sources */ = {isa = PBXBuildFile; fileRef = D060EB721B842FBB00CCA09B /* ViewController.m */; };
		D060EB761B842FBB00CCA09B /* Main.storyboard in Resources */ = {isa = PBXBuildFile; fileRef = D060EB741B842FBB00CCA09B /* Main.storyboard */; };
		D060EB781B842FBB00CCA09B /* Images.xcassets in Resources */ = {isa = PBXBuildFile; fileRef = D060EB771B842FBB00CCA09B /* Images.xcassets */; };
		D060EB7B1B842FBB00CCA09B /* LaunchScreen.xib in Resources */ = {isa = PBXBuildFile; fileRef = D060EB791B842FBB00CCA09B /* LaunchScreen.xib */; };
		D060EB871B842FBB00CCA09B /* chaojicaituTests.m in Sources */ = {isa = PBXBuildFile; fileRef = D060EB861B842FBB00CCA09B /* chaojicaituTests.m */; };
		D060EB911B8460CD00CCA09B /* questions.plist in Resources */ = {isa = PBXBuildFile; fileRef = D060EB901B8460CD00CCA09B /* questions.plist */; };
		D060EB941B84622900CCA09B /* Questions.m in Sources */ = {isa = PBXBuildFile; fileRef = D060EB931B84622900CCA09B /* Questions.m */; };
/* End PBXBuildFile section */

/* Begin PBXContainerItemProxy section */
		D060EB811B842FBB00CCA09B /* PBXContainerItemProxy */ = {
			isa = PBXContainerItemProxy;
			containerPortal = D060EB5F1B842FBB00CCA09B /* Project object */;
			proxyType = 1;
			remoteGlobalIDString = D060EB661B842FBB00CCA09B;
			remoteInfo = chaojicaitu;
		};
/* End PBXContainerItemProxy section */

/* Begin PBXFileReference section */
		D060EB671B842FBB00CCA09B /* chaojicaitu.app */ = {isa = PBXFileReference; explicitFileType = wrapper.application; includeInIndex = 0; path = chaojicaitu.app; sourceTree = BUILT_PRODUCTS_DIR; };
		D060EB6B1B842FBB00CCA09B /* Info.plist */ = {isa = PBXFileReference; lastKnownFileType = text.plist.xml; path = Info.plist; sourceTree = "<group>"; };
		D060EB6C1B842FBB00CCA09B /* main.m */ = {isa = PBXFileReference; lastKnownFileType = sourcecode.c.objc; path = main.m; sourceTree = "<group>"; };
		D060EB6E1B842FBB00CCA09B /* AppDelegate.h */ = {isa = PBXFileReference; lastKnownFileType = sourcecode.c.h; path = AppDelegate.h; sourceTree = "<group>"; };
		D060EB6F1B842FBB00CCA09B /* AppDelegate.m */ = {isa = PBXFileReference; lastKnownFileType = sourcecode.c.objc; path = AppDelegate.m; sourceTree = "<group>"; };
		D060EB711B842FBB00CCA09B /* ViewController.h */ = {isa = PBXFileReference; lastKnownFileType = sourcecode.c.h; path = ViewController.h; sourceTree = "<group>"; };
		D060EB721B842FBB00CCA09B /* ViewController.m */ = {isa = PBXFileReference; lastKnownFileType = sourcecode.c.objc; path = ViewController.m; sourceTree = "<group>"; };
		D060EB751B842FBB00CCA09B /* Base */ = {isa = PBXFileReference; lastKnownFileType = file.storyboard; name = Base; path = Base.lproj/Main.storyboard; sourceTree = "<group>"; };
		D060EB771B842FBB00CCA09B /* Images.xcassets */ = {isa = PBXFileReference; lastKnownFileType = folder.assetcatalog; path = Images.xcassets; sourceTree = "<group>"; };
		D060EB7A1B842FBB00CCA09B /* Base */ = {isa = PBXFileReference; lastKnownFileType = file.xib; name = Base; path = Base.lproj/LaunchScreen.xib; sourceTree = "<group>"; };
		D060EB801B842FBB00CCA09B /* chaojicaituTests.xctest */ = {isa = PBXFileReference; explicitFileType = wrapper.cfbundle; includeInIndex = 0; path = chaojicaituTests.xctest; sourceTree = BUILT_PRODUCTS_DIR; };
		D060EB851B842FBB00CCA09B /* Info.plist */ = {isa = PBXFileReference; lastKnownFileType = text.plist.xml; path = Info.plist; sourceTree = "<group>"; };
		D060EB861B842FBB00CCA09B /* chaojicaituTests.m */ = {isa = PBXFileReference; lastKnownFileType = sourcecode.c.objc; path = chaojicaituTests.m; sourceTree = "<group>"; };
		D060EB901B8460CD00CCA09B /* questions.plist */ = {isa = PBXFileReference; fileEncoding = 4; lastKnownFileType = text.plist.xml; path = questions.plist; sourceTree = "<group>"; };
		D060EB921B84622900CCA09B /* Questions.h */ = {isa = PBXFileReference; fileEncoding = 4; lastKnownFileType = sourcecode.c.h; path = Questions.h; sourceTree = "<group>"; };
		D060EB931B84622900CCA09B /* Questions.m */ = {isa = PBXFileReference; fileEncoding = 4; lastKnownFileType = sourcecode.c.objc; path = Questions.m; sourceTree = "<group>"; };
/* End PBXFileReference section */

/* Begin PBXFrameworksBuildPhase section */
		D060EB641B842FBB00CCA09B /* Frameworks */ = {
			isa = PBXFrameworksBuildPhase;
			buildActionMask = 2147483647;
			files = (
			);
			runOnlyForDeploymentPostprocessing = 0;
		};
		D060EB7D1B842FBB00CCA09B /* Frameworks */ = {
			isa = PBXFrameworksBuildPhase;
			buildActionMask = 2147483647;
			files = (
			);
			runOnlyForDeploymentPostprocessing = 0;
		};
/* End PBXFrameworksBuildPhase section */

/* Begin PBXGroup section */
		D060EB5E1B842FBB00CCA09B = {
			isa = PBXGroup;
			children = (
				D060EB691B842FBB00CCA09B /* chaojicaitu */,
				D060EB831B842FBB00CCA09B /* chaojicaituTests */,
				D060EB681B842FBB00CCA09B /* Products */,
			);
			sourceTree = "<group>";
		};
		D060EB681B842FBB00CCA09B /* Products */ = {
			isa = PBXGroup;
			children = (
				D060EB671B842FBB00CCA09B /* chaojicaitu.app */,
				D060EB801B842FBB00CCA09B /* chaojicaituTests.xctest */,
			);
			name = Products;
			sourceTree = "<group>";
		};
		D060EB691B842FBB00CCA09B /* chaojicaitu */ = {
			isa = PBXGroup;
			children = (
				D060EB6E1B842FBB00CCA09B /* AppDelegate.h */,
				D060EB6F1B842FBB00CCA09B /* AppDelegate.m */,
				D060EB711B842FBB00CCA09B /* ViewController.h */,
				D060EB721B842FBB00CCA09B /* ViewController.m */,
				D060EB741B842FBB00CCA09B /* Main.storyboard */,
				D060EB771B842FBB00CCA09B /* Images.xcassets */,
				D060EB791B842FBB00CCA09B /* LaunchScreen.xib */,
				D060EB921B84622900CCA09B /* Questions.h */,
				D060EB931B84622900CCA09B /* Questions.m */,
				D060EB6A1B842FBB00CCA09B /* Supporting Files */,
			);
			path = chaojicaitu;
			sourceTree = "<group>";
		};
		D060EB6A1B842FBB00CCA09B /* Supporting Files */ = {
			isa = PBXGroup;
			children = (
				D060EB901B8460CD00CCA09B /* questions.plist */,
				D060EB6B1B842FBB00CCA09B /* Info.plist */,
				D060EB6C1B842FBB00CCA09B /* main.m */,
			);
			name = "Supporting Files";
			sourceTree = "<group>";
		};
		D060EB831B842FBB00CCA09B /* chaojicaituTests */ = {
			isa = PBXGroup;
			children = (
				D060EB861B842FBB00CCA09B /* chaojicaituTests.m */,
				D060EB841B842FBB00CCA09B /* Supporting Files */,
			);
			path = chaojicaituTests;
			sourceTree = "<group>";
		};
		D060EB841B842FBB00CCA09B /* Supporting Files */ = {
			isa = PBXGroup;
			children = (
				D060EB851B842FBB00CCA09B /* Info.plist */,
			);
			name = "Supporting Files";
			sourceTree = "<group>";
		};
/* End PBXGroup section */

/* Begin PBXNativeTarget section */
		D060EB661B842FBB00CCA09B /* chaojicaitu */ = {
			isa = PBXNativeTarget;
			buildConfigurationList = D060EB8A1B842FBB00CCA09B /* Build configuration list for PBXNativeTarget "chaojicaitu" */;
			buildPhases = (
				D060EB631B842FBB00CCA09B /* Sources */,
				D060EB641B842FBB00CCA09B /* Frameworks */,
				D060EB651B842FBB00CCA09B /* Resources */,
			);
			buildRules = (
			);
			dependencies = (
			);
			name = chaojicaitu;
			productName = chaojicaitu;
			productReference = D060EB671B842FBB00CCA09B /* chaojicaitu.app */;
			productType = "com.apple.product-type.application";
		};
		D060EB7F1B842FBB00CCA09B /* chaojicaituTests */ = {
			isa = PBXNativeTarget;
			buildConfigurationList = D060EB8D1B842FBB00CCA09B /* Build configuration list for PBXNativeTarget "chaojicaituTests" */;
			buildPhases = (
				D060EB7C1B842FBB00CCA09B /* Sources */,
				D060EB7D1B842FBB00CCA09B /* Frameworks */,
				D060EB7E1B842FBB00CCA09B /* Resources */,
			);
			buildRules = (
			);
			dependencies = (
				D060EB821B842FBB00CCA09B /* PBXTargetDependency */,
			);
			name = chaojicaituTests;
			productName = chaojicaituTests;
			productReference = D060EB801B842FBB00CCA09B /* chaojicaituTests.xctest */;
			productType = "com.apple.product-type.bundle.unit-test";
		};
/* End PBXNativeTarget section */

/* Begin PBXProject section */
		D060EB5F1B842FBB00CCA09B /* Project object */ = {
			isa = PBXProject;
			attributes = {
				LastUpgradeCheck = 0640;
				ORGANIZATIONNAME = jiaoguifeng;
				TargetAttributes = {
					D060EB661B842FBB00CCA09B = {
						CreatedOnToolsVersion = 6.4;
					};
					D060EB7F1B842FBB00CCA09B = {
						CreatedOnToolsVersion = 6.4;
						TestTargetID = D060EB661B842FBB00CCA09B;
					};
				};
			};
			buildConfigurationList = D060EB621B842FBB00CCA09B /* Build configuration list for PBXProject "chaojicaitu" */;
			compatibilityVersion = "Xcode 3.2";
			developmentRegion = English;
			hasScannedForEncodings = 0;
			knownRegions = (
				en,
				Base,
			);
			mainGroup = D060EB5E1B842FBB00CCA09B;
			productRefGroup = D060EB681B842FBB00CCA09B /* Products */;
			projectDirPath = "";
			projectRoot = "";
			targets = (
				D060EB661B842FBB00CCA09B /* chaojicaitu */,
				D060EB7F1B842FBB00CCA09B /* chaojicaituTests */,
			);
		};
/* End PBXProject section */

/* Begin PBXResourcesBuildPhase section */
		D060EB651B842FBB00CCA09B /* Resources */ = {
			isa = PBXResourcesBuildPhase;
			buildActionMask = 2147483647;
			files = (
				D060EB911B8460CD00CCA09B /* questions.plist in Resources */,
				D060EB761B842FBB00CCA09B /* Main.storyboard in Resources */,
				D060EB7B1B842FBB00CCA09B /* LaunchScreen.xib in Resources */,
				D060EB781B842FBB00CCA09B /* Images.xcassets in Resources */,
			);
			runOnlyForDeploymentPostprocessing = 0;
		};
		D060EB7E1B842FBB00CCA09B /* Resources */ = {
			isa = PBXResourcesBuildPhase;
			buildActionMask = 2147483647;
			files = (
			);
			runOnlyForDeploymentPostprocessing = 0;
		};
/* End PBXResourcesBuildPhase section */

/* Begin PBXSourcesBuildPhase section */
		D060EB631B842FBB00CCA09B /* Sources */ = {
			isa = PBXSourcesBuildPhase;
			buildActionMask = 2147483647;
			files = (
				D060EB731B842FBB00CCA09B /* ViewController.m in Sources */,
				D060EB941B84622900CCA09B /* Questions.m in Sources */,
				D060EB701B842FBB00CCA09B /* AppDelegate.m in Sources */,
				D060EB6D1B842FBB00CCA09B /* main.m in Sources */,
			);
			runOnlyForDeploymentPostprocessing = 0;
		};
		D060EB7C1B842FBB00CCA09B /* Sources */ = {
			isa = PBXSourcesBuildPhase;
			buildActionMask = 2147483647;
			files = (
				D060EB871B842FBB00CCA09B /* chaojicaituTests.m in Sources */,
			);
			runOnlyForDeploymentPostprocessing = 0;
		};
/* End PBXSourcesBuildPhase section */

/* Begin PBXTargetDependency section */
		D060EB821B842FBB00CCA09B /* PBXTargetDependency */ = {
			isa = PBXTargetDependency;
			target = D060EB661B842FBB00CCA09B /* chaojicaitu */;
			targetProxy = D060EB811B842FBB00CCA09B /* PBXContainerItemProxy */;
		};
/* End PBXTargetDependency section */

/* Begin PBXVariantGroup section */
		D060EB741B842FBB00CCA09B /* Main.storyboard */ = {
			isa = PBXVariantGroup;
			children = (
				D060EB751B842FBB00CCA09B /* Base */,
			);
			name = Main.storyboard;
			sourceTree = "<group>";
		};
		D060EB791B842FBB00CCA09B /* LaunchScreen.xib */ = {
			isa = PBXVariantGroup;
			children = (
				D060EB7A1B842FBB00CCA09B /* Base */,
			);
			name = LaunchScreen.xib;
			sourceTree = "<group>";
		};
/* End PBXVariantGroup section */

/* Begin XCBuildConfiguration section */
		D060EB881B842FBB00CCA09B /* Debug */ = {
			isa = XCBuildConfiguration;
			buildSettings = {
				ALWAYS_SEARCH_USER_PATHS = NO;
				CLANG_CXX_LANGUAGE_STANDARD = "gnu++0x";
				CLANG_CXX_LIBRARY = "libc++";
				CLANG_ENABLE_MODULES = YES;
				CLANG_ENABLE_OBJC_ARC = YES;
				CLANG_WARN_BOOL_CONVERSION = YES;
				CLANG_WARN_CONSTANT_CONVERSION = YES;
				CLANG_WARN_DIRECT_OBJC_ISA_USAGE = YES_ERROR;
				CLANG_WARN_EMPTY_BODY = YES;
				CLANG_WARN_ENUM_CONVERSION = YES;
				CLANG_WARN_INT_CONVERSION = YES;
				CLANG_WARN_OBJC_ROOT_CLASS = YES_ERROR;
				CLANG_WARN_UNREACHABLE_CODE = YES;
				CLANG_WARN__DUPLICATE_METHOD_MATCH = YES;
				"CODE_SIGN_IDENTITY[sdk=iphoneos*]" = "iPhone Developer";
				COPY_PHASE_STRIP = NO;
				DEBUG_INFORMATION_FORMAT = "dwarf-with-dsym";
				ENABLE_STRICT_OBJC_MSGSEND = YES;
				GCC_C_LANGUAGE_STANDARD = gnu99;
				GCC_DYNAMIC_NO_PIC = NO;
				GCC_NO_COMMON_BLOCKS = YES;
				GCC_OPTIMIZATION_LEVEL = 0;
				GCC_PREPROCESSOR_DEFINITIONS = (
					"DEBUG=1",
					"$(inherited)",
				);
				GCC_SYMBOLS_PRIVATE_EXTERN = NO;
				GCC_WARN_64_TO_32_BIT_CONVERSION = YES;
				GCC_WARN_ABOUT_RETURN_TYPE = YES_ERROR;
				GCC_WARN_UNDECLARED_SELECTOR = YES;
				GCC_WARN_UNINITIALIZED_AUTOS = YES_AGGRESSIVE;
				GCC_WARN_UNUSED_FUNCTION = YES;
				GCC_WARN_UNUSED_VARIABLE = YES;
				IPHONEOS_DEPLOYMENT_TARGET = 8.4;
				MTL_ENABLE_DEBUG_INFO = YES;
				ONLY_ACTIVE_ARCH = YES;
				SDKROOT = iphoneos;
			};
			name = Debug;
		};
		D060EB891B842FBB00CCA09B /* Release */ = {
			isa = XCBuildConfiguration;
			buildSettings = {
				ALWAYS_SEARCH_USER_PATHS = NO;
				CLANG_CXX_LANGUAGE_STANDARD = "gnu++0x";
				CLANG_CXX_LIBRARY = "libc++";
				CLANG_ENABLE_MODULES = YES;
				CLANG_ENABLE_OBJC_ARC = YES;
				CLANG_WARN_BOOL_CONVERSION = YES;
				CLANG_WARN_CONSTANT_CONVERSION = YES;
				CLANG_WARN_DIRECT_OBJC_ISA_USAGE = YES_ERROR;
				CLANG_WARN_EMPTY_BODY = YES;
				CLANG_WARN_ENUM_CONVERSION = YES;
				CLANG_WARN_INT_CONVERSION = YES;
				CLANG_WARN_OBJC_ROOT_CLASS = YES_ERROR;
				CLANG_WARN_UNREACHABLE_CODE = YES;
				CLANG_WARN__DUPLICATE_METHOD_MATCH = YES;
				"CODE_SIGN_IDENTITY[sdk=iphoneos*]" = "iPhone Developer";
				COPY_PHASE_STRIP = NO;
				DEBUG_INFORMATION_FORMAT = "dwarf-with-dsym";
				ENABLE_NS_ASSERTIONS = NO;
				ENABLE_STRICT_OBJC_MSGSEND = YES;
				GCC_C_LANGUAGE_STANDARD = gnu99;
				GCC_NO_COMMON_BLOCKS = YES;
				GCC_WARN_64_TO_32_BIT_CONVERSION = YES;
				GCC_WARN_ABOUT_RETURN_TYPE = YES_ERROR;
				GCC_WARN_UNDECLARED_SELECTOR = YES;
				GCC_WARN_UNINITIALIZED_AUTOS = YES_AGGRESSIVE;
				GCC_WARN_UNUSED_FUNCTION = YES;
				GCC_WARN_UNUSED_VARIABLE = YES;
				IPHONEOS_DEPLOYMENT_TARGET = 8.4;
				MTL_ENABLE_DEBUG_INFO = NO;
				SDKROOT = iphoneos;
				VALIDATE_PRODUCT = YES;
			};
			name = Release;
		};
		D060EB8B1B842FBB00CCA09B /* Debug */ = {
			isa = XCBuildConfiguration;
			buildSettings = {
				ASSETCATALOG_COMPILER_APPICON_NAME = AppIcon;
				INFOPLIST_FILE = chaojicaitu/Info.plist;
				IPHONEOS_DEPLOYMENT_TARGET = 8.3;
				LD_RUNPATH_SEARCH_PATHS = "$(inherited) @executable_path/Frameworks";
				PRODUCT_NAME = "$(TARGET_NAME)";
			};
			name = Debug;
		};
		D060EB8C1B842FBB00CCA09B /* Release */ = {
			isa = XCBuildConfiguration;
			buildSettings = {
				ASSETCATALOG_COMPILER_APPICON_NAME = AppIcon;
				INFOPLIST_FILE = chaojicaitu/Info.plist;
				IPHONEOS_DEPLOYMENT_TARGET = 8.3;
				LD_RUNPATH_SEARCH_PATHS = "$(inherited) @executable_path/Frameworks";
				PRODUCT_NAME = "$(TARGET_NAME)";
			};
			name = Release;
		};
		D060EB8E1B842FBB00CCA09B /* Debug */ = {
			isa = XCBuildConfiguration;
			buildSettings = {
				BUNDLE_LOADER = "$(TEST_HOST)";
				FRAMEWORK_SEARCH_PATHS = (
					"$(SDKROOT)/Developer/Library/Frameworks",
					"$(inherited)",
				);
				GCC_PREPROCESSOR_DEFINITIONS = (
					"DEBUG=1",
					"$(inherited)",
				);
				INFOPLIST_FILE = chaojicaituTests/Info.plist;
				LD_RUNPATH_SEARCH_PATHS = "$(inherited) @executable_path/Frameworks @loader_path/Frameworks";
				PRODUCT_NAME = "$(TARGET_NAME)";
				TEST_HOST = "$(BUILT_PRODUCTS_DIR)/chaojicaitu.app/chaojicaitu";
			};
			name = Debug;
		};
		D060EB8F1B842FBB00CCA09B /* Release */ = {
			isa = XCBuildConfiguration;
			buildSettings = {
				BUNDLE_LOADER = "$(TEST_HOST)";
				FRAMEWORK_SEARCH_PATHS = (
					"$(SDKROOT)/Developer/Library/Frameworks",
					"$(inherited)",
				);
				INFOPLIST_FILE = chaojicaituTests/Info.plist;
				LD_RUNPATH_SEARCH_PATHS = "$(inherited) @executable_path/Frameworks @loader_path/Frameworks";
				PRODUCT_NAME = "$(TARGET_NAME)";
				TEST_HOST = "$(BUILT_PRODUCTS_DIR)/chaojicaitu.app/chaojicaitu";
			};
			name = Release;
		};
/* End XCBuildConfiguration section */

/* Begin XCConfigurationList section */
		D060EB621B842FBB00CCA09B /* Build configuration list for PBXProject "chaojicaitu" */ = {
			isa = XCConfigurationList;
			buildConfigurations = (
				D060EB881B842FBB00CCA09B /* Debug */,
				D060EB891B842FBB00CCA09B /* Release */,
			);
			defaultConfigurationIsVisible = 0;
			defaultConfigurationName = Release;
		};
		D060EB8A1B842FBB00CCA09B /* Build configuration list for PBXNativeTarget "chaojicaitu" */ = {
			isa = XCConfigurationList;
			buildConfigurations = (
				D060EB8B1B842FBB00CCA09B /* Debug */,
				D060EB8C1B842FBB00CCA09B /* Release */,
			);
			defaultConfigurationIsVisible = 0;
			defaultConfigurationName = Release;
		};
		D060EB8D1B842FBB00CCA09B /* Build configuration list for PBXNativeTarget "chaojicaituTests" */ = {
			isa = XCConfigurationList;
			buildConfigurations = (
				D060EB8E1B842FBB00CCA09B /* Debug */,
				D060EB8F1B842FBB00CCA09B /* Release */,
			);
			defaultConfigurationIsVisible = 0;
			defaultConfigurationName = Release;
		};
/* End XCConfigurationList section */
	};
	rootObject = D060EB5F1B842FBB00CCA09B /* Project object */;
}
